
Microsoft Visual Studio Solution File, Format Version 12.00
# Visual Studio Version 17
VisualStudioVersion = 17.11.35327.3
MinimumVisualStudioVersion = 10.0.40219.1
Project("{FAE04EC0-301F-11D3-BF4B-00C04F79EFBC}") = "Watcher", "Watcher\Watcher.csproj", "{70A58AB0-09FD-4640-942C-2F23D5E26737}"
EndProject
Global
	GlobalSection(SolutionConfigurationPlatforms) = preSolution
		Debug|Any CPU = Debug|Any CPU
		Release|Any CPU = Release|Any CPU
	EndGlobalSection
	GlobalSection(ProjectConfigurationPlatforms) = postSolution
		{70A58AB0-09FD-4640-942C-2F23D5E26737}.Debug|Any CPU.ActiveCfg = Debug|Any CPU
		{70A58AB0-09FD-4640-942C-2F23D5E26737}.Debug|Any CPU.Build.0 = Debug|Any CPU
		{70A58AB0-09FD-4640-942C-2F23D5E26737}.Release|Any CPU.ActiveCfg = Release|Any CPU
		{70A58AB0-09FD-4640-942C-2F23D5E26737}.Release|Any CPU.Build.0 = Release|Any CPU
	EndGlobalSection
	GlobalSection(SolutionProperties) = preSolution
		HideSolutionNode = FALSE
	EndGlobalSection
	GlobalSection(ExtensibilityGlobals) = postSolution
		SolutionGuid = {41DE4A3C-132B-437B-AE4F-0FA23EEB2609}
	EndGlobalSection
EndGlobal
